
Microsoft Visual Studio Solution File, Format Version 12.00
# Visual Studio Version 17
VisualStudioVersion = 17.0.32014.148
MinimumVisualStudioVersion = 10.0.40219.1
Project("{9A19103F-16F7-4668-BE54-9A1E7A4F7556}") = "SharedDriver", "SharedDriver\SharedDriver.csproj", "{544DB7FA-C828-48A1-922D-F63E2BD479F9}"
EndProject
Project("{9A19103F-16F7-4668-BE54-9A1E7A4F7556}") = "LogicAnalyzer", "LogicAnalyzer\LogicAnalyzer.csproj", "{EA087A8F-181D-4600-ACC3-A48270D018EE}"
EndProject
Project("{9A19103F-16F7-4668-BE54-9A1E7A4F7556}") = "SignalDescriptionLanguage", "SignalDescriptionLanguage\SignalDescriptionLanguage.csproj", "{BD4731B1-B7CE-49C9-9982-77FA9B95C19F}"
EndProject
Project("{2150E333-8FDC-42A3-9474-1A3956D46DE8}") = "Elementos de la solución", "Elementos de la solución", "{91B3F34B-00B9-4726-9495-073F93C1A9D3}"
	ProjectSection(SolutionItems) = preProject
		publish.ps1 = publish.ps1
	EndProjectSection
EndProject
Project("{9A19103F-16F7-4668-BE54-9A1E7A4F7556}") = "TerminalCapture", "TerminalCapture\TerminalCapture.csproj", "{2E6FE057-2895-40B9-8921-334433F74A51}"
EndProject
Global
	GlobalSection(SolutionConfigurationPlatforms) = preSolution
		Debug|Any CPU = Debug|Any CPU
		Release|Any CPU = Release|Any CPU
	EndGlobalSection
	GlobalSection(ProjectConfigurationPlatforms) = postSolution
		{544DB7FA-C828-48A1-922D-F63E2BD479F9}.Debug|Any CPU.ActiveCfg = Debug|Any CPU
		{544DB7FA-C828-48A1-922D-F63E2BD479F9}.Debug|Any CPU.Build.0 = Debug|Any CPU
		{544DB7FA-C828-48A1-922D-F63E2BD479F9}.Release|Any CPU.ActiveCfg = Release|Any CPU
		{544DB7FA-C828-48A1-922D-F63E2BD479F9}.Release|Any CPU.Build.0 = Release|Any CPU
		{EA087A8F-181D-4600-ACC3-A48270D018EE}.Debug|Any CPU.ActiveCfg = Debug|Any CPU
		{EA087A8F-181D-4600-ACC3-A48270D018EE}.Debug|Any CPU.Build.0 = Debug|Any CPU
		{EA087A8F-181D-4600-ACC3-A48270D018EE}.Release|Any CPU.ActiveCfg = Release|Any CPU
		{EA087A8F-181D-4600-ACC3-A48270D018EE}.Release|Any CPU.Build.0 = Release|Any CPU
		{BD4731B1-B7CE-49C9-9982-77FA9B95C19F}.Debug|Any CPU.ActiveCfg = Debug|Any CPU
		{BD4731B1-B7CE-49C9-9982-77FA9B95C19F}.Debug|Any CPU.Build.0 = Debug|Any CPU
		{BD4731B1-B7CE-49C9-9982-77FA9B95C19F}.Release|Any CPU.ActiveCfg = Release|Any CPU
		{BD4731B1-B7CE-49C9-9982-77FA9B95C19F}.Release|Any CPU.Build.0 = Release|Any CPU
		{2E6FE057-2895-40B9-8921-334433F74A51}.Debug|Any CPU.ActiveCfg = Debug|Any CPU
		{2E6FE057-2895-40B9-8921-334433F74A51}.Debug|Any CPU.Build.0 = Debug|Any CPU
		{2E6FE057-2895-40B9-8921-334433F74A51}.Release|Any CPU.ActiveCfg = Release|Any CPU
		{2E6FE057-2895-40B9-8921-334433F74A51}.Release|Any CPU.Build.0 = Release|Any CPU
	EndGlobalSection
	GlobalSection(SolutionProperties) = preSolution
		HideSolutionNode = FALSE
	EndGlobalSection
	GlobalSection(ExtensibilityGlobals) = postSolution
		SolutionGuid = {F6AAB9DA-F27D-4FC3-A68F-7A2E46A5AD64}
	EndGlobalSection
EndGlobal
